// !$*UTF8*$!
{
	archiveVersion = 1;
	classes = {
	};
	objectVersion = 50;
	objects = {

/* Begin PBXBuildFile section */
		07627603296A8856005C1C54 /* AppDelegate.swift in Sources */ = {isa = PBXBuildFile; fileRef = 07627602296A8856005C1C54 /* AppDelegate.swift */; };
		07627605296A8856005C1C54 /* SceneDelegate.swift in Sources */ = {isa = PBXBuildFile; fileRef = 07627604296A8856005C1C54 /* SceneDelegate.swift */; };
		07627607296A8856005C1C54 /* ViewController.swift in Sources */ = {isa = PBXBuildFile; fileRef = 07627606296A8856005C1C54 /* ViewController.swift */; };
		0762760A296A8856005C1C54 /* Main.storyboard in Resources */ = {isa = PBXBuildFile; fileRef = 07627608296A8856005C1C54 /* Main.storyboard */; };
		0762760C296A8857005C1C54 /* Assets.xcassets in Resources */ = {isa = PBXBuildFile; fileRef = 0762760B296A8857005C1C54 /* Assets.xcassets */; };
		0762760F296A8857005C1C54 /* LaunchScreen.storyboard in Resources */ = {isa = PBXBuildFile; fileRef = 0762760D296A8857005C1C54 /* LaunchScreen.storyboard */; };
		0762761A296A8858005C1C54 /* NotesTests.swift in Sources */ = {isa = PBXBuildFile; fileRef = 07627619296A8858005C1C54 /* NotesTests.swift */; };
		07627625296A8858005C1C54 /* NotesUITests.swift in Sources */ = {isa = PBXBuildFile; fileRef = 07627624296A8858005C1C54 /* NotesUITests.swift */; };
/* End PBXBuildFile section */

/* Begin PBXContainerItemProxy section */
		07627616296A8858005C1C54 /* PBXContainerItemProxy */ = {
			isa = PBXContainerItemProxy;
			containerPortal = 076275F7296A8856005C1C54 /* Project object */;
			proxyType = 1;
			remoteGlobalIDString = 076275FE296A8856005C1C54;
			remoteInfo = Notes;
		};
		07627621296A8858005C1C54 /* PBXContainerItemProxy */ = {
			isa = PBXContainerItemProxy;
			containerPortal = 076275F7296A8856005C1C54 /* Project object */;
			proxyType = 1;
			remoteGlobalIDString = 076275FE296A8856005C1C54;
			remoteInfo = Notes;
		};
/* End PBXContainerItemProxy section */

/* Begin PBXFileReference section */
		076275FF296A8856005C1C54 /* Notes.app */ = {isa = PBXFileReference; explicitFileType = wrapper.application; includeInIndex = 0; path = Notes.app; sourceTree = BUILT_PRODUCTS_DIR; };
		07627602296A8856005C1C54 /* AppDelegate.swift */ = {isa = PBXFileReference; lastKnownFileType = sourcecode.swift; path = AppDelegate.swift; sourceTree = "<group>"; };
		07627604296A8856005C1C54 /* SceneDelegate.swift */ = {isa = PBXFileReference; lastKnownFileType = sourcecode.swift; path = SceneDelegate.swift; sourceTree = "<group>"; };
		07627606296A8856005C1C54 /* ViewController.swift */ = {isa = PBXFileReference; lastKnownFileType = sourcecode.swift; path = ViewController.swift; sourceTree = "<group>"; };
		07627609296A8856005C1C54 /* Base */ = {isa = PBXFileReference; lastKnownFileType = file.storyboard; name = Base; path = Base.lproj/Main.storyboard; sourceTree = "<group>"; };
		0762760B296A8857005C1C54 /* Assets.xcassets */ = {isa = PBXFileReference; lastKnownFileType = folder.assetcatalog; path = Assets.xcassets; sourceTree = "<group>"; };
		0762760E296A8857005C1C54 /* Base */ = {isa = PBXFileReference; lastKnownFileType = file.storyboard; name = Base; path = Base.lproj/LaunchScreen.storyboard; sourceTree = "<group>"; };
		07627610296A8857005C1C54 /* Info.plist */ = {isa = PBXFileReference; lastKnownFileType = text.plist.xml; path = Info.plist; sourceTree = "<group>"; };
		07627615296A8858005C1C54 /* NotesTests.xctest */ = {isa = PBXFileReference; explicitFileType = wrapper.cfbundle; includeInIndex = 0; path = NotesTests.xctest; sourceTree = BUILT_PRODUCTS_DIR; };
		07627619296A8858005C1C54 /* NotesTests.swift */ = {isa = PBXFileReference; lastKnownFileType = sourcecode.swift; path = NotesTests.swift; sourceTree = "<group>"; };
		0762761B296A8858005C1C54 /* Info.plist */ = {isa = PBXFileReference; lastKnownFileType = text.plist.xml; path = Info.plist; sourceTree = "<group>"; };
		07627620296A8858005C1C54 /* NotesUITests.xctest */ = {isa = PBXFileReference; explicitFileType = wrapper.cfbundle; includeInIndex = 0; path = NotesUITests.xctest; sourceTree = BUILT_PRODUCTS_DIR; };
		07627624296A8858005C1C54 /* NotesUITests.swift */ = {isa = PBXFileReference; lastKnownFileType = sourcecode.swift; path = NotesUITests.swift; sourceTree = "<group>"; };
		07627626296A8858005C1C54 /* Info.plist */ = {isa = PBXFileReference; lastKnownFileType = text.plist.xml; path = Info.plist; sourceTree = "<group>"; };
/* End PBXFileReference section */

/* Begin PBXFrameworksBuildPhase section */
		076275FC296A8856005C1C54 /* Frameworks */ = {
			isa = PBXFrameworksBuildPhase;
			buildActionMask = 2147483647;
			files = (
			);
			runOnlyForDeploymentPostprocessing = 0;
		};
		07627612296A8858005C1C54 /* Frameworks */ = {
			isa = PBXFrameworksBuildPhase;
			buildActionMask = 2147483647;
			files = (
			);
			runOnlyForDeploymentPostprocessing = 0;
		};
		0762761D296A8858005C1C54 /* Frameworks */ = {
			isa = PBXFrameworksBuildPhase;
			buildActionMask = 2147483647;
			files = (
			);
			runOnlyForDeploymentPostprocessing = 0;
		};
/* End PBXFrameworksBuildPhase section */

/* Begin PBXGroup section */
		076275F6296A8856005C1C54 = {
			isa = PBXGroup;
			children = (
				07627601296A8856005C1C54 /* Notes */,
				07627618296A8858005C1C54 /* NotesTests */,
				07627623296A8858005C1C54 /* NotesUITests */,
				07627600296A8856005C1C54 /* Products */,
			);
			sourceTree = "<group>";
		};
		07627600296A8856005C1C54 /* Products */ = {
			isa = PBXGroup;
			children = (
				076275FF296A8856005C1C54 /* Notes.app */,
				07627615296A8858005C1C54 /* NotesTests.xctest */,
				07627620296A8858005C1C54 /* NotesUITests.xctest */,
			);
			name = Products;
			sourceTree = "<group>";
		};
		07627601296A8856005C1C54 /* Notes */ = {
			isa = PBXGroup;
			children = (
				07627602296A8856005C1C54 /* AppDelegate.swift */,
				07627604296A8856005C1C54 /* SceneDelegate.swift */,
				07627606296A8856005C1C54 /* ViewController.swift */,
				07627608296A8856005C1C54 /* Main.storyboard */,
				0762760B296A8857005C1C54 /* Assets.xcassets */,
				0762760D296A8857005C1C54 /* LaunchScreen.storyboard */,
				07627610296A8857005C1C54 /* Info.plist */,
			);
			path = Notes;
			sourceTree = "<group>";
		};
		07627618296A8858005C1C54 /* NotesTests */ = {
			isa = PBXGroup;
			children = (
				07627619296A8858005C1C54 /* NotesTests.swift */,
				0762761B296A8858005C1C54 /* Info.plist */,
			);
			path = NotesTests;
			sourceTree = "<group>";
		};
		07627623296A8858005C1C54 /* NotesUITests */ = {
			isa = PBXGroup;
			children = (
				07627624296A8858005C1C54 /* NotesUITests.swift */,
				07627626296A8858005C1C54 /* Info.plist */,
			);
			path = NotesUITests;
			sourceTree = "<group>";
		};
/* End PBXGroup section */

/* Begin PBXNativeTarget section */
		076275FE296A8856005C1C54 /* Notes */ = {
			isa = PBXNativeTarget;
			buildConfigurationList = 07627629296A8858005C1C54 /* Build configuration list for PBXNativeTarget "Notes" */;
			buildPhases = (
				076275FB296A8856005C1C54 /* Sources */,
				076275FC296A8856005C1C54 /* Frameworks */,
				076275FD296A8856005C1C54 /* Resources */,
			);
			buildRules = (
			);
			dependencies = (
			);
			name = Notes;
			productName = Notes;
			productReference = 076275FF296A8856005C1C54 /* Notes.app */;
			productType = "com.apple.product-type.application";
		};
		07627614296A8858005C1C54 /* NotesTests */ = {
			isa = PBXNativeTarget;
			buildConfigurationList = 0762762C296A8858005C1C54 /* Build configuration list for PBXNativeTarget "NotesTests" */;
			buildPhases = (
				07627611296A8858005C1C54 /* Sources */,
				07627612296A8858005C1C54 /* Frameworks */,
				07627613296A8858005C1C54 /* Resources */,
			);
			buildRules = (
			);
			dependencies = (
				07627617296A8858005C1C54 /* PBXTargetDependency */,
			);
			name = NotesTests;
			productName = NotesTests;
			productReference = 07627615296A8858005C1C54 /* NotesTests.xctest */;
			productType = "com.apple.product-type.bundle.unit-test";
		};
		0762761F296A8858005C1C54 /* NotesUITests */ = {
			isa = PBXNativeTarget;
			buildConfigurationList = 0762762F296A8858005C1C54 /* Build configuration list for PBXNativeTarget "NotesUITests" */;
			buildPhases = (
				0762761C296A8858005C1C54 /* Sources */,
				0762761D296A8858005C1C54 /* Frameworks */,
				0762761E296A8858005C1C54 /* Resources */,
			);
			buildRules = (
			);
			dependencies = (
				07627622296A8858005C1C54 /* PBXTargetDependency */,
			);
			name = NotesUITests;
			productName = NotesUITests;
			productReference = 07627620296A8858005C1C54 /* NotesUITests.xctest */;
			productType = "com.apple.product-type.bundle.ui-testing";
		};
/* End PBXNativeTarget section */

/* Begin PBXProject section */
		076275F7296A8856005C1C54 /* Project object */ = {
			isa = PBXProject;
			attributes = {
				LastSwiftUpdateCheck = 1240;
				LastUpgradeCheck = 1240;
				TargetAttributes = {
					076275FE296A8856005C1C54 = {
						CreatedOnToolsVersion = 12.4;
					};
					07627614296A8858005C1C54 = {
						CreatedOnToolsVersion = 12.4;
						TestTargetID = 076275FE296A8856005C1C54;
					};
					0762761F296A8858005C1C54 = {
						CreatedOnToolsVersion = 12.4;
						TestTargetID = 076275FE296A8856005C1C54;
					};
				};
			};
			buildConfigurationList = 076275FA296A8856005C1C54 /* Build configuration list for PBXProject "Notes" */;
			compatibilityVersion = "Xcode 9.3";
			developmentRegion = en;
			hasScannedForEncodings = 0;
			knownRegions = (
				en,
				Base,
			);
			mainGroup = 076275F6296A8856005C1C54;
			productRefGroup = 07627600296A8856005C1C54 /* Products */;
			projectDirPath = "";
			projectRoot = "";
			targets = (
				076275FE296A8856005C1C54 /* Notes */,
				07627614296A8858005C1C54 /* NotesTests */,
				0762761F296A8858005C1C54 /* NotesUITests */,
			);
		};
/* End PBXProject section */

/* Begin PBXResourcesBuildPhase section */
		076275FD296A8856005C1C54 /* Resources */ = {
			isa = PBXResourcesBuildPhase;
			buildActionMask = 2147483647;
			files = (
				0762760F296A8857005C1C54 /* LaunchScreen.storyboard in Resources */,
				0762760C296A8857005C1C54 /* Assets.xcassets in Resources */,
				0762760A296A8856005C1C54 /* Main.storyboard in Resources */,
			);
			runOnlyForDeploymentPostprocessing = 0;
		};
		07627613296A8858005C1C54 /* Resources */ = {
			isa = PBXResourcesBuildPhase;
			buildActionMask = 2147483647;
			files = (
			);
			runOnlyForDeploymentPostprocessing = 0;
		};
		0762761E296A8858005C1C54 /* Resources */ = {
			isa = PBXResourcesBuildPhase;
			buildActionMask = 2147483647;
			files = (
			);
			runOnlyForDeploymentPostprocessing = 0;
		};
/* End PBXResourcesBuildPhase section */

/* Begin PBXSourcesBuildPhase section */
		076275FB296A8856005C1C54 /* Sources */ = {
			isa = PBXSourcesBuildPhase;
			buildActionMask = 2147483647;
			files = (
				07627607296A8856005C1C54 /* ViewController.swift in Sources */,
				07627603296A8856005C1C54 /* AppDelegate.swift in Sources */,
				07627605296A8856005C1C54 /* SceneDelegate.swift in Sources */,
			);
			runOnlyForDeploymentPostprocessing = 0;
		};
		07627611296A8858005C1C54 /* Sources */ = {
			isa = PBXSourcesBuildPhase;
			buildActionMask = 2147483647;
			files = (
				0762761A296A8858005C1C54 /* NotesTests.swift in Sources */,
			);
			runOnlyForDeploymentPostprocessing = 0;
		};
		0762761C296A8858005C1C54 /* Sources */ = {
			isa = PBXSourcesBuildPhase;
			buildActionMask = 2147483647;
			files = (
				07627625296A8858005C1C54 /* NotesUITests.swift in Sources */,
			);
			runOnlyForDeploymentPostprocessing = 0;
		};
/* End PBXSourcesBuildPhase section */

/* Begin PBXTargetDependency section */
		07627617296A8858005C1C54 /* PBXTargetDependency */ = {
			isa = PBXTargetDependency;
			target = 076275FE296A8856005C1C54 /* Notes */;
			targetProxy = 07627616296A8858005C1C54 /* PBXContainerItemProxy */;
		};
		07627622296A8858005C1C54 /* PBXTargetDependency */ = {
			isa = PBXTargetDependency;
			target = 076275FE296A8856005C1C54 /* Notes */;
			targetProxy = 07627621296A8858005C1C54 /* PBXContainerItemProxy */;
		};
/* End PBXTargetDependency section */

/* Begin PBXVariantGroup section */
		07627608296A8856005C1C54 /* Main.storyboard */ = {
			isa = PBXVariantGroup;
			children = (
				07627609296A8856005C1C54 /* Base */,
			);
			name = Main.storyboard;
			sourceTree = "<group>";
		};
		0762760D296A8857005C1C54 /* LaunchScreen.storyboard */ = {
			isa = PBXVariantGroup;
			children = (
				0762760E296A8857005C1C54 /* Base */,
			);
			name = LaunchScreen.storyboard;
			sourceTree = "<group>";
		};
/* End PBXVariantGroup section */

/* Begin XCBuildConfiguration section */
		07627627296A8858005C1C54 /* Debug */ = {
			isa = XCBuildConfiguration;
			buildSettings = {
				ALWAYS_SEARCH_USER_PATHS = NO;
				CLANG_ANALYZER_NONNULL = YES;
				CLANG_ANALYZER_NUMBER_OBJECT_CONVERSION = YES_AGGRESSIVE;
				CLANG_CXX_LANGUAGE_STANDARD = "gnu++14";
				CLANG_CXX_LIBRARY = "libc++";
				CLANG_ENABLE_MODULES = YES;
				CLANG_ENABLE_OBJC_ARC = YES;
				CLANG_ENABLE_OBJC_WEAK = YES;
				CLANG_WARN_BLOCK_CAPTURE_AUTORELEASING = YES;
				CLANG_WARN_BOOL_CONVERSION = YES;
				CLANG_WARN_COMMA = YES;
				CLANG_WARN_CONSTANT_CONVERSION = YES;
				CLANG_WARN_DEPRECATED_OBJC_IMPLEMENTATIONS = YES;
				CLANG_WARN_DIRECT_OBJC_ISA_USAGE = YES_ERROR;
				CLANG_WARN_DOCUMENTATION_COMMENTS = YES;
				CLANG_WARN_EMPTY_BODY = YES;
				CLANG_WARN_ENUM_CONVERSION = YES;
				CLANG_WARN_INFINITE_RECURSION = YES;
				CLANG_WARN_INT_CONVERSION = YES;
				CLANG_WARN_NON_LITERAL_NULL_CONVERSION = YES;
				CLANG_WARN_OBJC_IMPLICIT_RETAIN_SELF = YES;
				CLANG_WARN_OBJC_LITERAL_CONVERSION = YES;
				CLANG_WARN_OBJC_ROOT_CLASS = YES_ERROR;
				CLANG_WARN_QUOTED_INCLUDE_IN_FRAMEWORK_HEADER = YES;
				CLANG_WARN_RANGE_LOOP_ANALYSIS = YES;
				CLANG_WARN_STRICT_PROTOTYPES = YES;
				CLANG_WARN_SUSPICIOUS_MOVE = YES;
				CLANG_WARN_UNGUARDED_AVAILABILITY = YES_AGGRESSIVE;
				CLANG_WARN_UNREACHABLE_CODE = YES;
				CLANG_WARN__DUPLICATE_METHOD_MATCH = YES;
				COPY_PHASE_STRIP = NO;
				DEBUG_INFORMATION_FORMAT = dwarf;
				ENABLE_STRICT_OBJC_MSGSEND = YES;
				ENABLE_TESTABILITY = YES;
				GCC_C_LANGUAGE_STANDARD = gnu11;
				GCC_DYNAMIC_NO_PIC = NO;
				GCC_NO_COMMON_BLOCKS = YES;
				GCC_OPTIMIZATION_LEVEL = 0;
				GCC_PREPROCESSOR_DEFINITIONS = (
					"DEBUG=1",
					"$(inherited)",
				);
				GCC_WARN_64_TO_32_BIT_CONVERSION = YES;
				GCC_WARN_ABOUT_RETURN_TYPE = YES_ERROR;
				GCC_WARN_UNDECLARED_SELECTOR = YES;
				GCC_WARN_UNINITIALIZED_AUTOS = YES_AGGRESSIVE;
				GCC_WARN_UNUSED_FUNCTION = YES;
				GCC_WARN_UNUSED_VARIABLE = YES;
				IPHONEOS_DEPLOYMENT_TARGET = 14.4;
				MTL_ENABLE_DEBUG_INFO = INCLUDE_SOURCE;
				MTL_FAST_MATH = YES;
				ONLY_ACTIVE_ARCH = YES;
				SDKROOT = iphoneos;
				SWIFT_ACTIVE_COMPILATION_CONDITIONS = DEBUG;
				SWIFT_OPTIMIZATION_LEVEL = "-Onone";
			};
			name = Debug;
		};
		07627628296A8858005C1C54 /* Release */ = {
			isa = XCBuildConfiguration;
			buildSettings = {
				ALWAYS_SEARCH_USER_PATHS = NO;
				CLANG_ANALYZER_NONNULL = YES;
				CLANG_ANALYZER_NUMBER_OBJECT_CONVERSION = YES_AGGRESSIVE;
				CLANG_CXX_LANGUAGE_STANDARD = "gnu++14";
				CLANG_CXX_LIBRARY = "libc++";
				CLANG_ENABLE_MODULES = YES;
				CLANG_ENABLE_OBJC_ARC = YES;
				CLANG_ENABLE_OBJC_WEAK = YES;
				CLANG_WARN_BLOCK_CAPTURE_AUTORELEASING = YES;
				CLANG_WARN_BOOL_CONVERSION = YES;
				CLANG_WARN_COMMA = YES;
				CLANG_WARN_CONSTANT_CONVERSION = YES;
				CLANG_WARN_DEPRECATED_OBJC_IMPLEMENTATIONS = YES;
				CLANG_WARN_DIRECT_OBJC_ISA_USAGE = YES_ERROR;
				CLANG_WARN_DOCUMENTATION_COMMENTS = YES;
				CLANG_WARN_EMPTY_BODY = YES;
				CLANG_WARN_ENUM_CONVERSION = YES;
				CLANG_WARN_INFINITE_RECURSION = YES;
				CLANG_WARN_INT_CONVERSION = YES;
				CLANG_WARN_NON_LITERAL_NULL_CONVERSION = YES;
				CLANG_WARN_OBJC_IMPLICIT_RETAIN_SELF = YES;
				CLANG_WARN_OBJC_LITERAL_CONVERSION = YES;
				CLANG_WARN_OBJC_ROOT_CLASS = YES_ERROR;
				CLANG_WARN_QUOTED_INCLUDE_IN_FRAMEWORK_HEADER = YES;
				CLANG_WARN_RANGE_LOOP_ANALYSIS = YES;
				CLANG_WARN_STRICT_PROTOTYPES = YES;
				CLANG_WARN_SUSPICIOUS_MOVE = YES;
				CLANG_WARN_UNGUARDED_AVAILABILITY = YES_AGGRESSIVE;
				CLANG_WARN_UNREACHABLE_CODE = YES;
				CLANG_WARN__DUPLICATE_METHOD_MATCH = YES;
				COPY_PHASE_STRIP = NO;
				DEBUG_INFORMATION_FORMAT = "dwarf-with-dsym";
				ENABLE_NS_ASSERTIONS = NO;
				ENABLE_STRICT_OBJC_MSGSEND = YES;
				GCC_C_LANGUAGE_STANDARD = gnu11;
				GCC_NO_COMMON_BLOCKS = YES;
				GCC_WARN_64_TO_32_BIT_CONVERSION = YES;
				GCC_WARN_ABOUT_RETURN_TYPE = YES_ERROR;
				GCC_WARN_UNDECLARED_SELECTOR = YES;
				GCC_WARN_UNINITIALIZED_AUTOS = YES_AGGRESSIVE;
				GCC_WARN_UNUSED_FUNCTION = YES;
				GCC_WARN_UNUSED_VARIABLE = YES;
				IPHONEOS_DEPLOYMENT_TARGET = 14.4;
				MTL_ENABLE_DEBUG_INFO = NO;
				MTL_FAST_MATH = YES;
				SDKROOT = iphoneos;
				SWIFT_COMPILATION_MODE = wholemodule;
				SWIFT_OPTIMIZATION_LEVEL = "-O";
				VALIDATE_PRODUCT = YES;
			};
			name = Release;
		};
		0762762A296A8858005C1C54 /* Debug */ = {
			isa = XCBuildConfiguration;
			buildSettings = {
				ASSETCATALOG_COMPILER_APPICON_NAME = AppIcon;
				ASSETCATALOG_COMPILER_GLOBAL_ACCENT_COLOR_NAME = AccentColor;
				CODE_SIGN_STYLE = Automatic;
				DEVELOPMENT_TEAM = SAT68F6L25;
				INFOPLIST_FILE = Notes/Info.plist;
				LD_RUNPATH_SEARCH_PATHS = (
					"$(inherited)",
					"@executable_path/Frameworks",
				);
				PRODUCT_BUNDLE_IDENTIFIER = com.Saga.DemoMapBox.Notes;
				PRODUCT_NAME = "$(TARGET_NAME)";
				SWIFT_VERSION = 5.0;
				TARGETED_DEVICE_FAMILY = "1,2";
			};
			name = Debug;
		};
		0762762B296A8858005C1C54 /* Release */ = {
			isa = XCBuildConfiguration;
			buildSettings = {
				ASSETCATALOG_COMPILER_APPICON_NAME = AppIcon;
				ASSETCATALOG_COMPILER_GLOBAL_ACCENT_COLOR_NAME = AccentColor;
				CODE_SIGN_STYLE = Automatic;
				DEVELOPMENT_TEAM = SAT68F6L25;
				INFOPLIST_FILE = Notes/Info.plist;
				LD_RUNPATH_SEARCH_PATHS = (
					"$(inherited)",
					"@executable_path/Frameworks",
				);
				PRODUCT_BUNDLE_IDENTIFIER = com.Saga.DemoMapBox.Notes;
				PRODUCT_NAME = "$(TARGET_NAME)";
				SWIFT_VERSION = 5.0;
				TARGETED_DEVICE_FAMILY = "1,2";
			};
			name = Release;
		};
		0762762D296A8858005C1C54 /* Debug */ = {
			isa = XCBuildConfiguration;
			buildSettings = {
				ALWAYS_EMBED_SWIFT_STANDARD_LIBRARIES = YES;
				BUNDLE_LOADER = "$(TEST_HOST)";
				CODE_SIGN_STYLE = Automatic;
				DEVELOPMENT_TEAM = SAT68F6L25;
				INFOPLIST_FILE = NotesTests/Info.plist;
				IPHONEOS_DEPLOYMENT_TARGET = 14.4;
				LD_RUNPATH_SEARCH_PATHS = (
					"$(inherited)",
					"@executable_path/Frameworks",
					"@loader_path/Frameworks",
				);
				PRODUCT_BUNDLE_IDENTIFIER = com.Saga.DemoMapBox.NotesTests;
				PRODUCT_NAME = "$(TARGET_NAME)";
				SWIFT_VERSION = 5.0;
				TARGETED_DEVICE_FAMILY = "1,2";
				TEST_HOST = "$(BUILT_PRODUCTS_DIR)/Notes.app/Notes";
			};
			name = Debug;
		};
		0762762E296A8858005C1C54 /* Release */ = {
			isa = XCBuildConfiguration;
			buildSettings = {
				ALWAYS_EMBED_SWIFT_STANDARD_LIBRARIES = YES;
				BUNDLE_LOADER = "$(TEST_HOST)";
				CODE_SIGN_STYLE = Automatic;
				DEVELOPMENT_TEAM = SAT68F6L25;
				INFOPLIST_FILE = NotesTests/Info.plist;
				IPHONEOS_DEPLOYMENT_TARGET = 14.4;
				LD_RUNPATH_SEARCH_PATHS = (
					"$(inherited)",
					"@executable_path/Frameworks",
					"@loader_path/Frameworks",
				);
				PRODUCT_BUNDLE_IDENTIFIER = com.Saga.DemoMapBox.NotesTests;
				PRODUCT_NAME = "$(TARGET_NAME)";
				SWIFT_VERSION = 5.0;
				TARGETED_DEVICE_FAMILY = "1,2";
				TEST_HOST = "$(BUILT_PRODUCTS_DIR)/Notes.app/Notes";
			};
			name = Release;
		};
		07627630296A8858005C1C54 /* Debug */ = {
			isa = XCBuildConfiguration;
			buildSettings = {
				ALWAYS_EMBED_SWIFT_STANDARD_LIBRARIES = YES;
				CODE_SIGN_STYLE = Automatic;
				DEVELOPMENT_TEAM = SAT68F6L25;
				INFOPLIST_FILE = NotesUITests/Info.plist;
				LD_RUNPATH_SEARCH_PATHS = (
					"$(inherited)",
					"@executable_path/Frameworks",
					"@loader_path/Frameworks",
				);
				PRODUCT_BUNDLE_IDENTIFIER = com.Saga.DemoMapBox.NotesUITests;
				PRODUCT_NAME = "$(TARGET_NAME)";
				SWIFT_VERSION = 5.0;
				TARGETED_DEVICE_FAMILY = "1,2";
				TEST_TARGET_NAME = Notes;
			};
			name = Debug;
		};
		07627631296A8858005C1C54 /* Release */ = {
			isa = XCBuildConfiguration;
			buildSettings = {
				ALWAYS_EMBED_SWIFT_STANDARD_LIBRARIES = YES;
				CODE_SIGN_STYLE = Automatic;
				DEVELOPMENT_TEAM = SAT68F6L25;
				INFOPLIST_FILE = NotesUITests/Info.plist;
				LD_RUNPATH_SEARCH_PATHS = (
					"$(inherited)",
					"@executable_path/Frameworks",
					"@loader_path/Frameworks",
				);
				PRODUCT_BUNDLE_IDENTIFIER = com.Saga.DemoMapBox.NotesUITests;
				PRODUCT_NAME = "$(TARGET_NAME)";
				SWIFT_VERSION = 5.0;
				TARGETED_DEVICE_FAMILY = "1,2";
				TEST_TARGET_NAME = Notes;
			};
			name = Release;
		};
/* End XCBuildConfiguration section */

/* Begin XCConfigurationList section */
		076275FA296A8856005C1C54 /* Build configuration list for PBXProject "Notes" */ = {
			isa = XCConfigurationList;
			buildConfigurations = (
				07627627296A8858005C1C54 /* Debug */,
				07627628296A8858005C1C54 /* Release */,
			);
			defaultConfigurationIsVisible = 0;
			defaultConfigurationName = Release;
		};
		07627629296A8858005C1C54 /* Build configuration list for PBXNativeTarget "Notes" */ = {
			isa = XCConfigurationList;
			buildConfigurations = (
				0762762A296A8858005C1C54 /* Debug */,
				0762762B296A8858005C1C54 /* Release */,
			);
			defaultConfigurationIsVisible = 0;
			defaultConfigurationName = Release;
		};
		0762762C296A8858005C1C54 /* Build configuration list for PBXNativeTarget "NotesTests" */ = {
			isa = XCConfigurationList;
			buildConfigurations = (
				0762762D296A8858005C1C54 /* Debug */,
				0762762E296A8858005C1C54 /* Release */,
			);
			defaultConfigurationIsVisible = 0;
			defaultConfigurationName = Release;
		};
		0762762F296A8858005C1C54 /* Build configuration list for PBXNativeTarget "NotesUITests" */ = {
			isa = XCConfigurationList;
			buildConfigurations = (
				07627630296A8858005C1C54 /* Debug */,
				07627631296A8858005C1C54 /* Release */,
			);
			defaultConfigurationIsVisible = 0;
			defaultConfigurationName = Release;
		};
/* End XCConfigurationList section */
	};
	rootObject = 076275F7296A8856005C1C54 /* Project object */;
}
